
Microsoft Visual Studio Solution File, Format Version 12.00
# Visual Studio Version 17
VisualStudioVersion = 17.0.31521.260
MinimumVisualStudioVersion = 10.0.40219.1
Project("{FAE04EC0-301F-11D3-BF4B-00C04F79EFBC}") = "Core_API_ImageUploader", "Core_API_ImageUploader\Core_API_ImageUploader.csproj", "{384AFB58-1824-4165-A880-D96BC5296280}"
EndProject
Project("{FAE04EC0-301F-11D3-BF4B-00C04F79EFBC}") = "Blazor_FileUploader", "Blazor_FileUploader\Blazor_FileUploader.csproj", "{D3588F5D-486A-4FFA-B37C-2898697CFF22}"
EndProject
Global
	GlobalSection(SolutionConfigurationPlatforms) = preSolution
		Debug|Any CPU = Debug|Any CPU
		Release|Any CPU = Release|Any CPU
	EndGlobalSection
	GlobalSection(ProjectConfigurationPlatforms) = postSolution
		{384AFB58-1824-4165-A880-D96BC5296280}.Debug|Any CPU.ActiveCfg = Debug|Any CPU
		{384AFB58-1824-4165-A880-D96BC5296280}.Debug|Any CPU.Build.0 = Debug|Any CPU
		{384AFB58-1824-4165-A880-D96BC5296280}.Release|Any CPU.ActiveCfg = Release|Any CPU
		{384AFB58-1824-4165-A880-D96BC5296280}.Release|Any CPU.Build.0 = Release|Any CPU
		{D3588F5D-486A-4FFA-B37C-2898697CFF22}.Debug|Any CPU.ActiveCfg = Debug|Any CPU
		{D3588F5D-486A-4FFA-B37C-2898697CFF22}.Debug|Any CPU.Build.0 = Debug|Any CPU
		{D3588F5D-486A-4FFA-B37C-2898697CFF22}.Release|Any CPU.ActiveCfg = Release|Any CPU
		{D3588F5D-486A-4FFA-B37C-2898697CFF22}.Release|Any CPU.Build.0 = Release|Any CPU
	EndGlobalSection
	GlobalSection(SolutionProperties) = preSolution
		HideSolutionNode = FALSE
	EndGlobalSection
	GlobalSection(ExtensibilityGlobals) = postSolution
		SolutionGuid = {2364BB27-013F-4D65-BB94-94ABDE2C7641}
	EndGlobalSection
EndGlobal
